<Project xmlns="http://schemas.microsoft.com/developer/msbuild/2003">
    <PropertyGroup>
        <ProjectGuid>{549a3915-3fd5-480f-8c15-d7512ff09719}</ProjectGuid>
        <MainSource>dbx4fb.dpr</MainSource>
        <Configuration Condition=" '$(Configuration)' == '' ">Debug</Configuration>
        <DCC_DCCCompiler>DCC32</DCC_DCCCompiler>
        <ProjectVersion>19.2</ProjectVersion>
        <Config Condition="'$(Config)'==''">Debug</Config>
        <Base>True</Base>
        <AppType>Library</AppType>
        <FrameworkType>None</FrameworkType>
        <Platform Condition="'$(Platform)'==''">Win32</Platform>
        <TargetedPlatforms>3</TargetedPlatforms>
    </PropertyGroup>
    <PropertyGroup Condition="'$(Config)'=='Base' or '$(Base)'!=''">
        <Base>true</Base>
    </PropertyGroup>
    <PropertyGroup Condition="('$(Platform)'=='Android' and '$(Base)'=='true') or '$(Base_Android)'!=''">
        <Base_Android>true</Base_Android>
        <CfgParent>Base</CfgParent>
        <Base>true</Base>
    </PropertyGroup>
    <PropertyGroup Condition="('$(Platform)'=='Android64' and '$(Base)'=='true') or '$(Base_Android64)'!=''">
        <Base_Android64>true</Base_Android64>
        <CfgParent>Base</CfgParent>
        <Base>true</Base>
    </PropertyGroup>
    <PropertyGroup Condition="('$(Platform)'=='iOSDevice64' and '$(Base)'=='true') or '$(Base_iOSDevice64)'!=''">
        <Base_iOSDevice64>true</Base_iOSDevice64>
        <CfgParent>Base</CfgParent>
        <Base>true</Base>
    </PropertyGroup>
    <PropertyGroup Condition="('$(Platform)'=='iOSSimulator' and '$(Base)'=='true') or '$(Base_iOSSimulator)'!=''">
        <Base_iOSSimulator>true</Base_iOSSimulator>
        <CfgParent>Base</CfgParent>
        <Base>true</Base>
    </PropertyGroup>
    <PropertyGroup Condition="('$(Platform)'=='OSX64' and '$(Base)'=='true') or '$(Base_OSX64)'!=''">
        <Base_OSX64>true</Base_OSX64>
        <CfgParent>Base</CfgParent>
        <Base>true</Base>
    </PropertyGroup>
    <PropertyGroup Condition="'$(Config)'=='Debug' or '$(Cfg_1)'!=''">
        <Cfg_1>true</Cfg_1>
        <CfgParent>Base</CfgParent>
        <Base>true</Base>
    </PropertyGroup>
    <PropertyGroup Condition="('$(Platform)'=='iOSDevice64' and '$(Cfg_1)'=='true') or '$(Cfg_1_iOSDevice64)'!=''">
        <Cfg_1_iOSDevice64>true</Cfg_1_iOSDevice64>
        <CfgParent>Cfg_1</CfgParent>
        <Cfg_1>true</Cfg_1>
        <Base>true</Base>
    </PropertyGroup>
    <PropertyGroup Condition="('$(Platform)'=='iOSSimulator' and '$(Cfg_1)'=='true') or '$(Cfg_1_iOSSimulator)'!=''">
        <Cfg_1_iOSSimulator>true</Cfg_1_iOSSimulator>
        <CfgParent>Cfg_1</CfgParent>
        <Cfg_1>true</Cfg_1>
        <Base>true</Base>
    </PropertyGroup>
    <PropertyGroup Condition="('$(Platform)'=='OSX64' and '$(Cfg_1)'=='true') or '$(Cfg_1_OSX64)'!=''">
        <Cfg_1_OSX64>true</Cfg_1_OSX64>
        <CfgParent>Cfg_1</CfgParent>
        <Cfg_1>true</Cfg_1>
        <Base>true</Base>
    </PropertyGroup>
    <PropertyGroup Condition="'$(Config)'=='Release' or '$(Cfg_2)'!=''">
        <Cfg_2>true</Cfg_2>
        <CfgParent>Base</CfgParent>
        <Base>true</Base>
    </PropertyGroup>
    <PropertyGroup Condition="'$(Base)'!=''">
        <DCC_ExeOutput>.\$(Platform)\$(Config)</DCC_ExeOutput>
        <DCC_DcpOutput>.\$(Platform)\$(Config)</DCC_DcpOutput>
        <DCC_BplOutput>.\$(Platform)\$(Config)</DCC_BplOutput>
        <DCC_DcuOutput>.\$(Platform)\$(Config)</DCC_DcuOutput>
        <VerInfo_MinorVer>1</VerInfo_MinorVer>
        <VerInfo_Build>49</VerInfo_Build>
        <VerInfo_IncludeVerInfo>true</VerInfo_IncludeVerInfo>
        <VerInfo_MajorVer>4</VerInfo_MajorVer>
        <VerInfo_Release>2015</VerInfo_Release>
        <VerInfo_DLL>true</VerInfo_DLL>
        <SanitizedProjectName>dbx4fb</SanitizedProjectName>
        <Manifest_File>None</Manifest_File>
        <VerInfo_Keys>CompanyName=E Stream Software Sdn Bhd;FileDescription=E Stream Software Sdn Bhd;FileVersion=4.1.2015.49;InternalName=;LegalCopyright=;LegalTrademarks=;OriginalFilename=;ProductName=DBExpress 4 for Firebird;ProductVersion=4.1;Comments=</VerInfo_Keys>
        <VerInfo_Locale>1033</VerInfo_Locale>
        <GenDll>true</GenDll>
    </PropertyGroup>
    <PropertyGroup Condition="'$(Base_Android)'!=''">
        <Android_LauncherIcon192>$(BDS)\bin\Artwork\Android\FM_LauncherIcon_192x192.png</Android_LauncherIcon192>
        <VerInfo_Keys>package=com.embarcadero.$(MSBuildProjectName);label=$(MSBuildProjectName);versionCode=1;versionName=1.0.0;persistent=False;restoreAnyVersion=False;installLocation=auto;largeHeap=False;theme=TitleBar;hardwareAccelerated=true;apiKey=</VerInfo_Keys>
        <BT_BuildType>Debug</BT_BuildType>
        <VerInfo_IncludeVerInfo>false</VerInfo_IncludeVerInfo>
        <EnabledSysJars>android-support-v4.dex.jar;cloud-messaging.dex.jar;com-google-android-gms.play-services-ads-base.17.2.0.dex.jar;com-google-android-gms.play-services-ads-identifier.16.0.0.dex.jar;com-google-android-gms.play-services-ads-lite.17.2.0.dex.jar;com-google-android-gms.play-services-ads.17.2.0.dex.jar;com-google-android-gms.play-services-analytics-impl.16.0.8.dex.jar;com-google-android-gms.play-services-analytics.16.0.8.dex.jar;com-google-android-gms.play-services-base.16.0.1.dex.jar;com-google-android-gms.play-services-basement.16.2.0.dex.jar;com-google-android-gms.play-services-gass.17.2.0.dex.jar;com-google-android-gms.play-services-identity.16.0.0.dex.jar;com-google-android-gms.play-services-maps.16.1.0.dex.jar;com-google-android-gms.play-services-measurement-base.16.4.0.dex.jar;com-google-android-gms.play-services-measurement-sdk-api.16.4.0.dex.jar;com-google-android-gms.play-services-stats.16.0.1.dex.jar;com-google-android-gms.play-services-tagmanager-v4-impl.16.0.8.dex.jar;com-google-android-gms.play-services-tasks.16.0.1.dex.jar;com-google-android-gms.play-services-wallet.16.0.1.dex.jar;com-google-firebase.firebase-analytics.16.4.0.dex.jar;com-google-firebase.firebase-common.16.1.0.dex.jar;com-google-firebase.firebase-iid-interop.16.0.1.dex.jar;com-google-firebase.firebase-iid.17.1.1.dex.jar;com-google-firebase.firebase-measurement-connector.17.0.1.dex.jar;com-google-firebase.firebase-messaging.17.5.0.dex.jar;fmx.dex.jar;google-play-billing.dex.jar;google-play-licensing.dex.jar</EnabledSysJars>
    </PropertyGroup>
    <PropertyGroup Condition="'$(Base_Android64)'!=''">
        <Android_LauncherIcon192>$(BDS)\bin\Artwork\Android\FM_LauncherIcon_192x192.png</Android_LauncherIcon192>
        <VerInfo_Keys>package=com.embarcadero.$(MSBuildProjectName);label=$(MSBuildProjectName);versionCode=1;versionName=1.0.0;persistent=False;restoreAnyVersion=False;installLocation=auto;largeHeap=False;theme=TitleBar;hardwareAccelerated=true;apiKey=</VerInfo_Keys>
        <BT_BuildType>Debug</BT_BuildType>
        <VerInfo_IncludeVerInfo>false</VerInfo_IncludeVerInfo>
        <EnabledSysJars>android-support-v4.dex.jar;cloud-messaging.dex.jar;com-google-android-gms.play-services-ads-base.17.2.0.dex.jar;com-google-android-gms.play-services-ads-identifier.16.0.0.dex.jar;com-google-android-gms.play-services-ads-lite.17.2.0.dex.jar;com-google-android-gms.play-services-ads.17.2.0.dex.jar;com-google-android-gms.play-services-analytics-impl.16.0.8.dex.jar;com-google-android-gms.play-services-analytics.16.0.8.dex.jar;com-google-android-gms.play-services-base.16.0.1.dex.jar;com-google-android-gms.play-services-basement.16.2.0.dex.jar;com-google-android-gms.play-services-gass.17.2.0.dex.jar;com-google-android-gms.play-services-identity.16.0.0.dex.jar;com-google-android-gms.play-services-maps.16.1.0.dex.jar;com-google-android-gms.play-services-measurement-base.16.4.0.dex.jar;com-google-android-gms.play-services-measurement-sdk-api.16.4.0.dex.jar;com-google-android-gms.play-services-stats.16.0.1.dex.jar;com-google-android-gms.play-services-tagmanager-v4-impl.16.0.8.dex.jar;com-google-android-gms.play-services-tasks.16.0.1.dex.jar;com-google-android-gms.play-services-wallet.16.0.1.dex.jar;com-google-firebase.firebase-analytics.16.4.0.dex.jar;com-google-firebase.firebase-common.16.1.0.dex.jar;com-google-firebase.firebase-iid-interop.16.0.1.dex.jar;com-google-firebase.firebase-iid.17.1.1.dex.jar;com-google-firebase.firebase-measurement-connector.17.0.1.dex.jar;com-google-firebase.firebase-messaging.17.5.0.dex.jar;fmx.dex.jar;google-play-billing.dex.jar;google-play-licensing.dex.jar</EnabledSysJars>
    </PropertyGroup>
    <PropertyGroup Condition="'$(Base_iOSDevice64)'!=''">
        <iOS_AppStore1024>$(BDS)\bin\Artwork\iOS\iPhone\FM_ApplicationIcon_1024x1024.png</iOS_AppStore1024>
        <VerInfo_Keys>CFBundleName=$(MSBuildProjectName);CFBundleDevelopmentRegion=en;CFBundleDisplayName=$(MSBuildProjectName);CFBundleIdentifier=$(MSBuildProjectName);CFBundleInfoDictionaryVersion=7.1;CFBundleVersion=1.0.0;CFBundleShortVersionString=1.0.0;CFBundlePackageType=APPL;CFBundleSignature=????;LSRequiresIPhoneOS=true;CFBundleAllowMixedLocalizations=YES;CFBundleExecutable=$(MSBuildProjectName);UIDeviceFamily=iPhone &amp; iPad;NSLocationAlwaysUsageDescription=The reason for accessing the location information of the user;NSLocationWhenInUseUsageDescription=The reason for accessing the location information of the user;NSLocationAlwaysAndWhenInUseUsageDescription=The reason for accessing the location information of the user;UIBackgroundModes=;NSContactsUsageDescription=The reason for accessing the contacts;NSPhotoLibraryUsageDescription=The reason for accessing the photo library;NSPhotoLibraryAddUsageDescription=The reason for adding to the photo library;NSCameraUsageDescription=The reason for accessing the camera;NSFaceIDUsageDescription=The reason for accessing the face id;NSMicrophoneUsageDescription=The reason for accessing the microphone;NSSiriUsageDescription=The reason for accessing Siri;ITSAppUsesNonExemptEncryption=false;NSBluetoothAlwaysUsageDescription=The reason for accessing bluetooth;NSBluetoothPeripheralUsageDescription=The reason for accessing bluetooth peripherals;NSCalendarsUsageDescription=The reason for accessing the calendar data;NSRemindersUsageDescription=The reason for accessing the reminders;NSMotionUsageDescription=The reason for accessing the accelerometer;NSSpeechRecognitionUsageDescription=The reason for requesting to send user data to Apple&apos;s speech recognition servers</VerInfo_Keys>
        <VerInfo_UIDeviceFamily>iPhoneAndiPad</VerInfo_UIDeviceFamily>
        <BT_BuildType>Debug</BT_BuildType>
        <VerInfo_BundleId>$(MSBuildProjectName)</VerInfo_BundleId>
    </PropertyGroup>
    <PropertyGroup Condition="'$(Base_iOSSimulator)'!=''">
        <VerInfo_Keys>CFBundleName=$(MSBuildProjectName);CFBundleDevelopmentRegion=en;CFBundleDisplayName=$(MSBuildProjectName);CFBundleIdentifier=$(MSBuildProjectName);CFBundleInfoDictionaryVersion=7.1;CFBundleVersion=1.0.0;CFBundleShortVersionString=1.0.0;CFBundlePackageType=APPL;CFBundleSignature=????;LSRequiresIPhoneOS=true;CFBundleAllowMixedLocalizations=YES;CFBundleExecutable=$(MSBuildProjectName);UIDeviceFamily=iPhone &amp; iPad;NSLocationAlwaysUsageDescription=The reason for accessing the location information of the user;NSLocationWhenInUseUsageDescription=The reason for accessing the location information of the user;NSLocationAlwaysAndWhenInUseUsageDescription=The reason for accessing the location information of the user;UIBackgroundModes=;NSContactsUsageDescription=The reason for accessing the contacts;NSPhotoLibraryUsageDescription=The reason for accessing the photo library;NSPhotoLibraryAddUsageDescription=The reason for adding to the photo library;NSCameraUsageDescription=The reason for accessing the camera;NSFaceIDUsageDescription=The reason for accessing the face id;NSMicrophoneUsageDescription=The reason for accessing the microphone;NSSiriUsageDescription=The reason for accessing Siri;ITSAppUsesNonExemptEncryption=false;NSBluetoothAlwaysUsageDescription=The reason for accessing bluetooth;NSBluetoothPeripheralUsageDescription=The reason for accessing bluetooth peripherals;NSCalendarsUsageDescription=The reason for accessing the calendar data;NSRemindersUsageDescription=The reason for accessing the reminders;NSMotionUsageDescription=The reason for accessing the accelerometer;NSSpeechRecognitionUsageDescription=The reason for requesting to send user data to Apple&apos;s speech recognition servers</VerInfo_Keys>
        <VerInfo_UIDeviceFamily>iPhoneAndiPad</VerInfo_UIDeviceFamily>
    </PropertyGroup>
    <PropertyGroup Condition="'$(Base_OSX64)'!=''">
        <VerInfo_Keys>CFBundleName=$(MSBuildProjectName);CFBundleDisplayName=$(MSBuildProjectName);CFBundleIdentifier=$(MSBuildProjectName);CFBundleVersion=1.0.0;CFBundleShortVersionString=1.0.0;CFBundlePackageType=APPL;CFBundleSignature=????;CFBundleAllowMixedLocalizations=YES;CFBundleExecutable=$(MSBuildProjectName);NSHighResolutionCapable=true;LSApplicationCategoryType=public.app-category.utilities;NSLocationUsageDescription=The reason for accessing the location information of the user;NSContactsUsageDescription=The reason for accessing the contacts;NSCalendarsUsageDescription=The reason for accessing the calendar data;NSRemindersUsageDescription=The reason for accessing the reminders;NSCameraUsageDescription=The reason for accessing the camera;NSMicrophoneUsageDescription=The reason for accessing the microphone;NSMotionUsageDescription=The reason for accessing the accelerometer;NSDesktopFolderUsageDescription=The reason for accessing the Desktop folder;NSDocumentsFolderUsageDescription=The reason for accessing the Documents folder;NSDownloadsFolderUsageDescription=The reason for accessing the Downloads folder;NSNetworkVolumesUsageDescription=The reason for accessing files on a network volume;NSRemovableVolumesUsageDescription=The reason for accessing files on a removable volume;NSSpeechRecognitionUsageDescription=The reason for requesting to send user data to Apple&apos;s speech recognition servers</VerInfo_Keys>
        <BT_BuildType>Debug</BT_BuildType>
        <VerInfo_IncludeVerInfo>false</VerInfo_IncludeVerInfo>
    </PropertyGroup>
    <PropertyGroup Condition="'$(Cfg_1)'!=''">
        <DCC_Optimize>false</DCC_Optimize>
        <DCC_DebugInfoInExe>true</DCC_DebugInfoInExe>
        <DCC_GenerateStackFrames>true</DCC_GenerateStackFrames>
        <DCC_DebugDCUs>true</DCC_DebugDCUs>
        <DCC_Define>Debug;$(DCC_Define)</DCC_Define>
    </PropertyGroup>
    <PropertyGroup Condition="'$(Cfg_1_iOSDevice64)'!=''">
        <DCC_RemoteDebug>true</DCC_RemoteDebug>
    </PropertyGroup>
    <PropertyGroup Condition="'$(Cfg_1_iOSSimulator)'!=''">
        <DCC_RemoteDebug>true</DCC_RemoteDebug>
    </PropertyGroup>
    <PropertyGroup Condition="'$(Cfg_1_OSX64)'!=''">
        <DCC_RemoteDebug>true</DCC_RemoteDebug>
    </PropertyGroup>
    <PropertyGroup Condition="'$(Cfg_2)'!=''">
        <DCC_LocalDebugSymbols>false</DCC_LocalDebugSymbols>
        <DCC_DebugInformation>0</DCC_DebugInformation>
        <DCC_SymbolReferenceInfo>0</DCC_SymbolReferenceInfo>
        <DCC_Define>Release;$(DCC_Define)</DCC_Define>
    </PropertyGroup>
    <ItemGroup>
        <DelphiCompile Include="$(MainSource)">
            <MainSource>MainSource</MainSource>
        </DelphiCompile>
        <DCCReference Include="..\source\dbx4.base.pas"/>
        <DCCReference Include="..\source\dbx4.firebird.dll.pas"/>
        <DCCReference Include="..\source\dbx4.firebird.driver.pas"/>
        <DCCReference Include="..\source\dbx4.firebird.connection.pas"/>
        <DCCReference Include="..\source\dbx4.firebird.command.pas"/>
        <DCCReference Include="..\source\dbx4.firebird.reader.pas"/>
        <DCCReference Include="..\source\dbx4.firebird.row.pas"/>
        <DCCReference Include="..\source\dbx4.firebird.metadata.pas"/>
        <DCCReference Include="..\source\dbx4.firebird.base.pas"/>
        <DCCReference Include="..\source\dbx4.firebird.dll.d14.pas"/>
        <BuildConfiguration Include="Release">
            <Key>Cfg_2</Key>
            <CfgParent>Base</CfgParent>
        </BuildConfiguration>
        <BuildConfiguration Include="Base">
            <Key>Base</Key>
        </BuildConfiguration>
        <BuildConfiguration Include="Debug">
            <Key>Cfg_1</Key>
            <CfgParent>Base</CfgParent>
        </BuildConfiguration>
    </ItemGroup>
    <Import Condition="Exists('$(BDS)\Bin\CodeGear.Delphi.Targets')" Project="$(BDS)\Bin\CodeGear.Delphi.Targets"/>
    <Import Condition="Exists('$(APPDATA)\Embarcadero\$(BDSAPPDATABASEDIR)\$(PRODUCTVERSION)\UserTools.proj')" Project="$(APPDATA)\Embarcadero\$(BDSAPPDATABASEDIR)\$(PRODUCTVERSION)\UserTools.proj"/>
    <ProjectExtensions>
        <Borland.Personality>Delphi.Personality.12</Borland.Personality>
        <Borland.ProjectType>VCLApplication</Borland.ProjectType>
        <BorlandProject>
            <Delphi.Personality>
                <Parameters>
                    <Parameters Name="HostApplication">$(ActiveHostApplication)</Parameters>
                    <Parameters Name="RunParams">-config %HomeDrive%%HomePath%\Project\source.d11\moon\dbx\source\testcase\dbxfbTests.ini -drivers %HomeDrive%%HomePath%\Project\output.d11\moon\drivers -test embedded_15</Parameters>
                </Parameters>
                <VersionInfo>
                    <VersionInfo Name="IncludeVerInfo">False</VersionInfo>
                    <VersionInfo Name="AutoIncBuild">False</VersionInfo>
                    <VersionInfo Name="MajorVer">1</VersionInfo>
                    <VersionInfo Name="MinorVer">0</VersionInfo>
                    <VersionInfo Name="Release">0</VersionInfo>
                    <VersionInfo Name="Build">0</VersionInfo>
                    <VersionInfo Name="Debug">False</VersionInfo>
                    <VersionInfo Name="PreRelease">False</VersionInfo>
                    <VersionInfo Name="Special">False</VersionInfo>
                    <VersionInfo Name="Private">False</VersionInfo>
                    <VersionInfo Name="DLL">False</VersionInfo>
                    <VersionInfo Name="Locale">1033</VersionInfo>
                    <VersionInfo Name="CodePage">1252</VersionInfo>
                </VersionInfo>
                <VersionInfoKeys>
                    <VersionInfoKeys Name="CompanyName"/>
                    <VersionInfoKeys Name="FileDescription"/>
                    <VersionInfoKeys Name="FileVersion">1.0.0.0</VersionInfoKeys>
                    <VersionInfoKeys Name="InternalName"/>
                    <VersionInfoKeys Name="LegalCopyright"/>
                    <VersionInfoKeys Name="LegalTrademarks"/>
                    <VersionInfoKeys Name="OriginalFilename"/>
                    <VersionInfoKeys Name="ProductName"/>
                    <VersionInfoKeys Name="ProductVersion">1.0.0.0</VersionInfoKeys>
                    <VersionInfoKeys Name="Comments"/>
                </VersionInfoKeys>
                <Source>
                    <Source Name="MainSource">dbx4fb.dpr</Source>
                </Source>
                <Excluded_Packages/>
            </Delphi.Personality>
            <Platforms>
                <Platform value="Android">False</Platform>
                <Platform value="Android64">False</Platform>
                <Platform value="iOSDevice64">False</Platform>
                <Platform value="iOSSimulator">False</Platform>
                <Platform value="Linux64">False</Platform>
                <Platform value="OSX64">False</Platform>
                <Platform value="Win32">True</Platform>
                <Platform value="Win64">True</Platform>
            </Platforms>
        </BorlandProject>
        <ProjectFileVersion>12</ProjectFileVersion>
    </ProjectExtensions>
</Project>
