<Project xmlns="http://schemas.microsoft.com/developer/msbuild/2003">
    <PropertyGroup>
        <ProjectGuid>{549a3915-3fd5-480f-8c15-d7512ff09719}</ProjectGuid>
        <MainSource>dbx4fb.dpr</MainSource>
        <Configuration Condition=" '$(Configuration)' == '' ">Debug</Configuration>
        <DCC_DCCCompiler>DCC32</DCC_DCCCompiler>
        <ProjectVersion>16.1</ProjectVersion>
        <Config Condition="'$(Config)'==''">Debug</Config>
        <Base>True</Base>
        <AppType>Library</AppType>
        <FrameworkType>None</FrameworkType>
        <Platform Condition="'$(Platform)'==''">Win32</Platform>
        <TargetedPlatforms>3</TargetedPlatforms>
    </PropertyGroup>
    <PropertyGroup Condition="'$(Config)'=='Base' or '$(Base)'!=''">
        <Base>true</Base>
    </PropertyGroup>
    <PropertyGroup Condition="('$(Platform)'=='Win32' and '$(Base)'=='true') or '$(Base_Win32)'!=''">
        <Base_Win32>true</Base_Win32>
        <CfgParent>Base</CfgParent>
        <Base>true</Base>
    </PropertyGroup>
    <PropertyGroup Condition="('$(Platform)'=='Win64' and '$(Base)'=='true') or '$(Base_Win64)'!=''">
        <Base_Win64>true</Base_Win64>
        <CfgParent>Base</CfgParent>
        <Base>true</Base>
    </PropertyGroup>
    <PropertyGroup Condition="'$(Config)'=='Debug' or '$(Cfg_1)'!=''">
        <Cfg_1>true</Cfg_1>
        <CfgParent>Base</CfgParent>
        <Base>true</Base>
    </PropertyGroup>
    <PropertyGroup Condition="('$(Platform)'=='Win32' and '$(Cfg_1)'=='true') or '$(Cfg_1_Win32)'!=''">
        <Cfg_1_Win32>true</Cfg_1_Win32>
        <CfgParent>Cfg_1</CfgParent>
        <Cfg_1>true</Cfg_1>
        <Base>true</Base>
    </PropertyGroup>
    <PropertyGroup Condition="('$(Platform)'=='Win64' and '$(Cfg_1)'=='true') or '$(Cfg_1_Win64)'!=''">
        <Cfg_1_Win64>true</Cfg_1_Win64>
        <CfgParent>Cfg_1</CfgParent>
        <Cfg_1>true</Cfg_1>
        <Base>true</Base>
    </PropertyGroup>
    <PropertyGroup Condition="'$(Config)'=='Release' or '$(Cfg_2)'!=''">
        <Cfg_2>true</Cfg_2>
        <CfgParent>Base</CfgParent>
        <Base>true</Base>
    </PropertyGroup>
    <PropertyGroup Condition="('$(Platform)'=='Win32' and '$(Cfg_2)'=='true') or '$(Cfg_2_Win32)'!=''">
        <Cfg_2_Win32>true</Cfg_2_Win32>
        <CfgParent>Cfg_2</CfgParent>
        <Cfg_2>true</Cfg_2>
        <Base>true</Base>
    </PropertyGroup>
    <PropertyGroup Condition="('$(Platform)'=='Win64' and '$(Cfg_2)'=='true') or '$(Cfg_2_Win64)'!=''">
        <Cfg_2_Win64>true</Cfg_2_Win64>
        <CfgParent>Cfg_2</CfgParent>
        <Cfg_2>true</Cfg_2>
        <Base>true</Base>
    </PropertyGroup>
    <Import Project="..\..\build\optset\Base.optset" Condition="'$(Base)'!='' And Exists('..\..\build\optset\Base.optset')"/>
    <PropertyGroup Condition="'$(Base)'!=''">
        <SanitizedProjectName>dbx4fb</SanitizedProjectName>
        <Manifest_File>None</Manifest_File>
        <VerInfo_Keys>CompanyName=;FileDescription=;FileVersion=1.0.0.0;InternalName=;LegalCopyright=;LegalTrademarks=;OriginalFilename=;ProductName=;ProductVersion=1.0.0.0;Comments=</VerInfo_Keys>
        <VerInfo_Locale>1033</VerInfo_Locale>
        <DCC_UsePackage>vcl;rtl;vclx;vclimg;vclactnband;dbrtl;vcldb;vcldbx;bdertl;vcltouch;xmlrtl;dsnap;dsnapcon;vclib;ibxpress;adortl;IndyCore;IndySystem;IndyProtocols;inet;intrawebdb_100_140;Intraweb_100_140;VclSmp;vclie;websnap;webdsnap;inetdb;inetdbbde;inetdbxpress;soaprtl;vclribbon;dbexpress;DbxCommonDriver;DataSnapIndy10ServerTransport;DataSnapProviderClient;DbxClientDriver;DataSnapServer;DBXInterBaseDriver;DBXMySQLDriver;dbxcds;DBXFirebirdDriver;DBXSybaseASEDriver;DBXSybaseASADriver;DBXOracleDriver;DBXMSSQLDriver;DBXInformixDriver;DBXDb2Driver;dxCoreD14;cxEditorsD14;cxLibraryD14;cxExtEditorsD14;cxGridD14;cxTreeListD14;cxPageControlD14;cxVerticalGridD14;dclRBE1114;rbCIDE1114;rbIDE1114;rbRCL1114;rbBDE1114;TeeWorld814;Tee814;TeeUI814;TeePro814;TeeImage814;TeeLanguage814;TeeGL814;TeeDB814;$(DCC_UsePackage)</DCC_UsePackage>
        <GenDll>true</GenDll>
        <CfgDependentOn>..\..\build\optset\Base.optset</CfgDependentOn>
    </PropertyGroup>
    <PropertyGroup Condition="'$(Base_Win32)'!=''">
        <VerInfo_IncludeVerInfo>true</VerInfo_IncludeVerInfo>
        <Debugger_RunParams>-config %HomeDrive%%HomePath%\Development\source\moon\dbx\source\testcase\dbxfbTests.ini -drivers %HomeDrive%%HomePath%\Development\drivers -test embedded_26</Debugger_RunParams>
        <Debugger_HostApplication>$(ActiveHostApplication)</Debugger_HostApplication>
    </PropertyGroup>
    <PropertyGroup Condition="'$(Base_Win64)'!=''">
        <Debugger_RunParams>-config %HomeDrive%%HomePath%\Development\source\moon\dbx\source\testcase\dbxfbTests.ini -drivers %HomeDrive%%HomePath%\Development\drivers -test embedded_11</Debugger_RunParams>
        <Debugger_HostApplication>$(ActiveHostApplication)</Debugger_HostApplication>
        <VerInfo_IncludeVerInfo>true</VerInfo_IncludeVerInfo>
    </PropertyGroup>
    <Import Project="..\..\build\optset\Debug.optset" Condition="'$(Cfg_1)'!='' And Exists('..\..\build\optset\Debug.optset')"/>
    <PropertyGroup Condition="'$(Cfg_1)'!=''">
        <CfgDependentOn>..\..\build\optset\Debug.optset</CfgDependentOn>
    </PropertyGroup>
    <PropertyGroup Condition="'$(Cfg_1_Win32)'!=''">
        <VerInfo_IncludeVerInfo>true</VerInfo_IncludeVerInfo>
    </PropertyGroup>
    <PropertyGroup Condition="'$(Cfg_1_Win64)'!=''">
        <VerInfo_IncludeVerInfo>true</VerInfo_IncludeVerInfo>
    </PropertyGroup>
    <Import Project="..\..\build\optset\Release.optset" Condition="'$(Cfg_2)'!='' And Exists('..\..\build\optset\Release.optset')"/>
    <PropertyGroup Condition="'$(Cfg_2)'!=''">
        <CfgDependentOn>..\..\build\optset\Release.optset</CfgDependentOn>
    </PropertyGroup>
    <PropertyGroup Condition="'$(Cfg_2_Win32)'!=''">
        <VerInfo_IncludeVerInfo>true</VerInfo_IncludeVerInfo>
    </PropertyGroup>
    <PropertyGroup Condition="'$(Cfg_2_Win64)'!=''">
        <VerInfo_IncludeVerInfo>true</VerInfo_IncludeVerInfo>
    </PropertyGroup>
    <ItemGroup>
        <DelphiCompile Include="$(MainSource)">
            <MainSource>MainSource</MainSource>
        </DelphiCompile>
        <RcCompile Include="..\..\build\rc\library.rc">
            <Form>library.res</Form>
        </RcCompile>
        <DCCReference Include="..\..\core\source\firebird\firebird.ibase.h.pas"/>
        <DCCReference Include="..\..\core\source\firebird\firebird.types_pub.h.pas"/>
        <DCCReference Include="..\..\core\source\firebird\firebird.sqlda_pub.h.pas"/>
        <DCCReference Include="..\..\core\source\firebird\firebird.time.h.pas"/>
        <DCCReference Include="..\..\core\source\firebird\firebird.consts_pub.h.pas"/>
        <DCCReference Include="..\..\core\source\firebird\firebird.iberror.h.pas"/>
        <DCCReference Include="..\..\core\source\firebird\firebird.inf_pub.h.pas"/>
        <DCCReference Include="..\source\dbx4.base.pas"/>
        <DCCReference Include="..\source\dbx4.firebird.dll.pas"/>
        <DCCReference Include="..\source\dbx4.firebird.driver.pas"/>
        <DCCReference Include="..\source\dbx4.firebird.connection.pas"/>
        <DCCReference Include="..\source\dbx4.firebird.command.pas"/>
        <DCCReference Include="..\source\dbx4.firebird.reader.pas"/>
        <DCCReference Include="..\source\dbx4.firebird.row.pas"/>
        <DCCReference Include="..\source\dbx4.firebird.metadata.pas"/>
        <DCCReference Include="..\source\dbx4.firebird.base.pas"/>
        <DCCReference Include="..\..\core\source\firebird\firebird.client.debug.pas"/>
        <DCCReference Include="..\..\core\source\firebird\firebird.client.pas"/>
        <DCCReference Include="..\..\core\source\firebird\firebird.dsql.pas"/>
        <DCCReference Include="..\..\core\source\firebird\firebird.charsets.pas"/>
        <DCCReference Include="..\..\core\source\firebird\firebird.blr.h.pas"/>
        <DCCReference Include="..\..\core\source\rtl\SysUtilsEx.pas"/>
        <DCCReference Include="..\source\dbx4.firebird.dll.d14.pas"/>
        <DCCReference Include="..\..\core\source\rtl\Windows.PEB.pas"/>
        <DCCReference Include="..\..\core\source\rtl\Windows.ntdll.pas"/>
        <DCCReference Include="..\..\core\source\rtl\WindowsEx.pas"/>
        <DCCReference Include="..\..\core\source\patch\System.QC109233.pas"/>
        <BuildConfiguration Include="Release">
            <Key>Cfg_2</Key>
            <CfgParent>Base</CfgParent>
            <DependentOn>..\..\build\optset\Release.optset</DependentOn>
        </BuildConfiguration>
        <BuildConfiguration Include="Base">
            <Key>Base</Key>
            <DependentOn>..\..\build\optset\Base.optset</DependentOn>
        </BuildConfiguration>
        <BuildConfiguration Include="Debug">
            <Key>Cfg_1</Key>
            <CfgParent>Base</CfgParent>
            <DependentOn>..\..\build\optset\Debug.optset</DependentOn>
        </BuildConfiguration>
    </ItemGroup>
    <Import Condition="Exists('$(BDS)\Bin\CodeGear.Delphi.Targets')" Project="$(BDS)\Bin\CodeGear.Delphi.Targets"/>
    <Import Condition="Exists('$(APPDATA)\Embarcadero\$(BDSAPPDATABASEDIR)\$(PRODUCTVERSION)\UserTools.proj')" Project="$(APPDATA)\Embarcadero\$(BDSAPPDATABASEDIR)\$(PRODUCTVERSION)\UserTools.proj"/>
    <ProjectExtensions>
        <Borland.Personality>Delphi.Personality.12</Borland.Personality>
        <Borland.ProjectType>VCLApplication</Borland.ProjectType>
        <BorlandProject>
            <Delphi.Personality>
                <Parameters>
                    <Parameters Name="HostApplication">$(ActiveHostApplication)</Parameters>
                    <Parameters Name="RunParams">-config %HomeDrive%%HomePath%\Project\source.d11\moon\dbx\source\testcase\dbxfbTests.ini -drivers %HomeDrive%%HomePath%\Project\output.d11\moon\drivers -test embedded_15</Parameters>
                </Parameters>
                <VersionInfo>
                    <VersionInfo Name="IncludeVerInfo">False</VersionInfo>
                    <VersionInfo Name="AutoIncBuild">False</VersionInfo>
                    <VersionInfo Name="MajorVer">1</VersionInfo>
                    <VersionInfo Name="MinorVer">0</VersionInfo>
                    <VersionInfo Name="Release">0</VersionInfo>
                    <VersionInfo Name="Build">0</VersionInfo>
                    <VersionInfo Name="Debug">False</VersionInfo>
                    <VersionInfo Name="PreRelease">False</VersionInfo>
                    <VersionInfo Name="Special">False</VersionInfo>
                    <VersionInfo Name="Private">False</VersionInfo>
                    <VersionInfo Name="DLL">False</VersionInfo>
                    <VersionInfo Name="Locale">1033</VersionInfo>
                    <VersionInfo Name="CodePage">1252</VersionInfo>
                </VersionInfo>
                <VersionInfoKeys>
                    <VersionInfoKeys Name="CompanyName"/>
                    <VersionInfoKeys Name="FileDescription"/>
                    <VersionInfoKeys Name="FileVersion">1.0.0.0</VersionInfoKeys>
                    <VersionInfoKeys Name="InternalName"/>
                    <VersionInfoKeys Name="LegalCopyright"/>
                    <VersionInfoKeys Name="LegalTrademarks"/>
                    <VersionInfoKeys Name="OriginalFilename"/>
                    <VersionInfoKeys Name="ProductName"/>
                    <VersionInfoKeys Name="ProductVersion">1.0.0.0</VersionInfoKeys>
                    <VersionInfoKeys Name="Comments"/>
                </VersionInfoKeys>
                <Source>
                    <Source Name="MainSource">dbx4fb.dpr</Source>
                </Source>
                <Excluded_Packages/>
            </Delphi.Personality>
            <Platforms>
                <Platform value="OSX32">False</Platform>
                <Platform value="Win32">True</Platform>
                <Platform value="Win64">True</Platform>
            </Platforms>
        </BorlandProject>
        <ProjectFileVersion>12</ProjectFileVersion>
    </ProjectExtensions>
</Project>
